
Microsoft Visual Studio Solution File, Format Version 12.00
# Visual Studio 15
VisualStudioVersion = 15.0.27428.2037
MinimumVisualStudioVersion = 10.0.40219.1
Project("{FAE04EC0-301F-11D3-BF4B-00C04F79EFBC}") = "Listiclization", "Listiclization\Listiclization.csproj", "{0AE6ECA7-2F7B-4C7A-8A1C-BCA41B9572F0}"
EndProject
Project("{FAE04EC0-301F-11D3-BF4B-00C04F79EFBC}") = "Listiclization.Tests", "Listiclization.Tests\Listiclization.Tests.csproj", "{9EE813A1-099C-4C51-A102-10AB2D1A2ADF}"
EndProject
Global
	GlobalSection(SolutionConfigurationPlatforms) = preSolution
		Debug|Any CPU = Debug|Any CPU
		Release|Any CPU = Release|Any CPU
	EndGlobalSection
	GlobalSection(ProjectConfigurationPlatforms) = postSolution
		{0AE6ECA7-2F7B-4C7A-8A1C-BCA41B9572F0}.Debug|Any CPU.ActiveCfg = Debug|Any CPU
		{0AE6ECA7-2F7B-4C7A-8A1C-BCA41B9572F0}.Debug|Any CPU.Build.0 = Debug|Any CPU
		{0AE6ECA7-2F7B-4C7A-8A1C-BCA41B9572F0}.Release|Any CPU.ActiveCfg = Release|Any CPU
		{0AE6ECA7-2F7B-4C7A-8A1C-BCA41B9572F0}.Release|Any CPU.Build.0 = Release|Any CPU
		{9EE813A1-099C-4C51-A102-10AB2D1A2ADF}.Debug|Any CPU.ActiveCfg = Debug|Any CPU
		{9EE813A1-099C-4C51-A102-10AB2D1A2ADF}.Debug|Any CPU.Build.0 = Debug|Any CPU
		{9EE813A1-099C-4C51-A102-10AB2D1A2ADF}.Release|Any CPU.ActiveCfg = Release|Any CPU
		{9EE813A1-099C-4C51-A102-10AB2D1A2ADF}.Release|Any CPU.Build.0 = Release|Any CPU
	EndGlobalSection
	GlobalSection(SolutionProperties) = preSolution
		HideSolutionNode = FALSE
	EndGlobalSection
	GlobalSection(ExtensibilityGlobals) = postSolution
		SolutionGuid = {262A068B-29D6-41ED-83CF-13BEB76F818F}
	EndGlobalSection
EndGlobal
